
Microsoft Visual Studio Solution File, Format Version 12.00
# Visual Studio Version 17
VisualStudioVersion = 17.7.34024.191
MinimumVisualStudioVersion = 10.0.40219.1
Project("{9A19103F-16F7-4668-BE54-9A1E7A4F7556}") = "GherkinCreator", "GherkingCreator\GherkinCreator.csproj", "{C1558479-D6D3-4879-8614-B40CAD9C91F5}"
EndProject
Project("{2150E333-8FDC-42A3-9474-1A3956D46DE8}") = "Itens de Solução", "Itens de Solução", "{35B796C0-E731-4638-B0B2-0C55C788FFF0}"
	ProjectSection(SolutionItems) = preProject
		GherkingCreator\.dockerignore = GherkingCreator\.dockerignore
		.gitignore = .gitignore
		GherkingCreator\Dockerfile = GherkingCreator\Dockerfile
	EndProjectSection
EndProject
Global
	GlobalSection(SolutionConfigurationPlatforms) = preSolution
		Debug|Any CPU = Debug|Any CPU
		Release|Any CPU = Release|Any CPU
	EndGlobalSection
	GlobalSection(ProjectConfigurationPlatforms) = postSolution
		{C1558479-D6D3-4879-8614-B40CAD9C91F5}.Debug|Any CPU.ActiveCfg = Debug|Any CPU
		{C1558479-D6D3-4879-8614-B40CAD9C91F5}.Debug|Any CPU.Build.0 = Debug|Any CPU
		{C1558479-D6D3-4879-8614-B40CAD9C91F5}.Release|Any CPU.ActiveCfg = Release|Any CPU
		{C1558479-D6D3-4879-8614-B40CAD9C91F5}.Release|Any CPU.Build.0 = Release|Any CPU
	EndGlobalSection
	GlobalSection(SolutionProperties) = preSolution
		HideSolutionNode = FALSE
	EndGlobalSection
	GlobalSection(ExtensibilityGlobals) = postSolution
		SolutionGuid = {01ECDD03-7A22-4261-BC68-9ACAF1D467A7}
	EndGlobalSection
EndGlobal
